
Microsoft Visual Studio Solution File, Format Version 12.00
# Visual Studio Version 17
VisualStudioVersion = 17.9.34607.119
MinimumVisualStudioVersion = 10.0.40219.1
Project("{FAE04EC0-301F-11D3-BF4B-00C04F79EFBC}") = "SerialPortTool", "SerialPortTool\SerialPortTool.csproj", "{21D2E9BA-74B9-4010-8979-D4EB38DB1B38}"
EndProject
Global
	GlobalSection(SolutionConfigurationPlatforms) = preSolution
		Debug|Any CPU = Debug|Any CPU
		Release|Any CPU = Release|Any CPU
	EndGlobalSection
	GlobalSection(ProjectConfigurationPlatforms) = postSolution
		{21D2E9BA-74B9-4010-8979-D4EB38DB1B38}.Debug|Any CPU.ActiveCfg = Debug|Any CPU
		{21D2E9BA-74B9-4010-8979-D4EB38DB1B38}.Debug|Any CPU.Build.0 = Debug|Any CPU
		{21D2E9BA-74B9-4010-8979-D4EB38DB1B38}.Release|Any CPU.ActiveCfg = Release|Any CPU
		{21D2E9BA-74B9-4010-8979-D4EB38DB1B38}.Release|Any CPU.Build.0 = Release|Any CPU
	EndGlobalSection
	GlobalSection(SolutionProperties) = preSolution
		HideSolutionNode = FALSE
	EndGlobalSection
	GlobalSection(ExtensibilityGlobals) = postSolution
		SolutionGuid = {38EF8C8A-F693-4072-A259-E98AAFE82217}
	EndGlobalSection
EndGlobal
